
Microsoft Visual Studio Solution File, Format Version 12.00
# Visual Studio Version 17
VisualStudioVersion = 17.5.002.0
MinimumVisualStudioVersion = 10.0.40219.1
Project("{9A19103F-16F7-4668-BE54-9A1E7A4F7556}") = "ApiGateway", "ApiGateway.csproj", "{C1C5BF05-9958-4F3E-9D4C-CB93FED98712}"
EndProject
Global
	GlobalSection(SolutionConfigurationPlatforms) = preSolution
		Debug|Any CPU = Debug|Any CPU
		Release|Any CPU = Release|Any CPU
	EndGlobalSection
	GlobalSection(ProjectConfigurationPlatforms) = postSolution
		{C1C5BF05-9958-4F3E-9D4C-CB93FED98712}.Debug|Any CPU.ActiveCfg = Debug|Any CPU
		{C1C5BF05-9958-4F3E-9D4C-CB93FED98712}.Debug|Any CPU.Build.0 = Debug|Any CPU
		{C1C5BF05-9958-4F3E-9D4C-CB93FED98712}.Release|Any CPU.ActiveCfg = Release|Any CPU
		{C1C5BF05-9958-4F3E-9D4C-CB93FED98712}.Release|Any CPU.Build.0 = Release|Any CPU
	EndGlobalSection
	GlobalSection(SolutionProperties) = preSolution
		HideSolutionNode = FALSE
	EndGlobalSection
	GlobalSection(ExtensibilityGlobals) = postSolution
		SolutionGuid = {10970C52-A490-4352-AAB9-A0DF1D523CEF}
	EndGlobalSection
EndGlobal
